
Microsoft Visual Studio Solution File, Format Version 12.00
# Visual Studio Version 16
VisualStudioVersion = 16.0.29911.84
MinimumVisualStudioVersion = 10.0.40219.1
Project("{FAE04EC0-301F-11D3-BF4B-00C04F79EFBC}") = "tarea6A", "tarea6A\tarea6A.csproj", "{82721F21-CBBC-4CE5-B60B-FDBCB59ACC9F}"
EndProject
Global
	GlobalSection(SolutionConfigurationPlatforms) = preSolution
		Debug|Any CPU = Debug|Any CPU
		Release|Any CPU = Release|Any CPU
	EndGlobalSection
	GlobalSection(ProjectConfigurationPlatforms) = postSolution
		{82721F21-CBBC-4CE5-B60B-FDBCB59ACC9F}.Debug|Any CPU.ActiveCfg = Debug|Any CPU
		{82721F21-CBBC-4CE5-B60B-FDBCB59ACC9F}.Debug|Any CPU.Build.0 = Debug|Any CPU
		{82721F21-CBBC-4CE5-B60B-FDBCB59ACC9F}.Release|Any CPU.ActiveCfg = Release|Any CPU
		{82721F21-CBBC-4CE5-B60B-FDBCB59ACC9F}.Release|Any CPU.Build.0 = Release|Any CPU
	EndGlobalSection
	GlobalSection(SolutionProperties) = preSolution
		HideSolutionNode = FALSE
	EndGlobalSection
	GlobalSection(ExtensibilityGlobals) = postSolution
		SolutionGuid = {B6C96A66-B7B0-4695-A266-4FB525964BA8}
	EndGlobalSection
EndGlobal
